
Microsoft Visual Studio Solution File, Format Version 12.00
# Visual Studio Version 17
VisualStudioVersion = 17.13.35931.197 d17.13
MinimumVisualStudioVersion = 10.0.40219.1
Project("{FAE04EC0-301F-11D3-BF4B-00C04F79EFBC}") = "Namona_v2", "Namona_v2\Namona_v2.csproj", "{DED257E2-3077-492B-8520-0ECDFD11CD2A}"
EndProject
Global
	GlobalSection(SolutionConfigurationPlatforms) = preSolution
		Debug|Any CPU = Debug|Any CPU
		Release|Any CPU = Release|Any CPU
	EndGlobalSection
	GlobalSection(ProjectConfigurationPlatforms) = postSolution
		{DED257E2-3077-492B-8520-0ECDFD11CD2A}.Debug|Any CPU.ActiveCfg = Debug|Any CPU
		{DED257E2-3077-492B-8520-0ECDFD11CD2A}.Debug|Any CPU.Build.0 = Debug|Any CPU
		{DED257E2-3077-492B-8520-0ECDFD11CD2A}.Release|Any CPU.ActiveCfg = Release|Any CPU
		{DED257E2-3077-492B-8520-0ECDFD11CD2A}.Release|Any CPU.Build.0 = Release|Any CPU
	EndGlobalSection
	GlobalSection(SolutionProperties) = preSolution
		HideSolutionNode = FALSE
	EndGlobalSection
	GlobalSection(ExtensibilityGlobals) = postSolution
		SolutionGuid = {D31D9666-0ECE-4876-B48E-3F712BBD2021}
	EndGlobalSection
EndGlobal
