
Microsoft Visual Studio Solution File, Format Version 12.00
# Visual Studio Version 17
VisualStudioVersion = 17.13.35931.197 d17.13
MinimumVisualStudioVersion = 10.0.40219.1
Project("{FAE04EC0-301F-11D3-BF4B-00C04F79EFBC}") = "Namona", "Namona\Namona.csproj", "{290C20C0-EDA3-4195-B034-225410EA02B6}"
EndProject
Global
	GlobalSection(SolutionConfigurationPlatforms) = preSolution
		Debug|Any CPU = Debug|Any CPU
		Release|Any CPU = Release|Any CPU
	EndGlobalSection
	GlobalSection(ProjectConfigurationPlatforms) = postSolution
		{290C20C0-EDA3-4195-B034-225410EA02B6}.Debug|Any CPU.ActiveCfg = Debug|Any CPU
		{290C20C0-EDA3-4195-B034-225410EA02B6}.Debug|Any CPU.Build.0 = Debug|Any CPU
		{290C20C0-EDA3-4195-B034-225410EA02B6}.Release|Any CPU.ActiveCfg = Release|Any CPU
		{290C20C0-EDA3-4195-B034-225410EA02B6}.Release|Any CPU.Build.0 = Release|Any CPU
	EndGlobalSection
	GlobalSection(SolutionProperties) = preSolution
		HideSolutionNode = FALSE
	EndGlobalSection
	GlobalSection(ExtensibilityGlobals) = postSolution
		SolutionGuid = {832C76BD-80AB-4452-AE4A-EDD20471A501}
	EndGlobalSection
EndGlobal
